
Microsoft Visual Studio Solution File, Format Version 12.00
# Visual Studio Version 16
VisualStudioVersion = 16.0.30711.63
MinimumVisualStudioVersion = 10.0.40219.1
Project("{FAE04EC0-301F-11D3-BF4B-00C04F79EFBC}") = "ArrayAndCollections", "ArrayAndCollections.csproj", "{BA432905-5041-47ED-8F86-F0A0A66FCE9F}"
EndProject
Global
	GlobalSection(SolutionConfigurationPlatforms) = preSolution
		Debug|Any CPU = Debug|Any CPU
		Release|Any CPU = Release|Any CPU
	EndGlobalSection
	GlobalSection(ProjectConfigurationPlatforms) = postSolution
		{BA432905-5041-47ED-8F86-F0A0A66FCE9F}.Debug|Any CPU.ActiveCfg = Debug|Any CPU
		{BA432905-5041-47ED-8F86-F0A0A66FCE9F}.Debug|Any CPU.Build.0 = Debug|Any CPU
		{BA432905-5041-47ED-8F86-F0A0A66FCE9F}.Release|Any CPU.ActiveCfg = Release|Any CPU
		{BA432905-5041-47ED-8F86-F0A0A66FCE9F}.Release|Any CPU.Build.0 = Release|Any CPU
	EndGlobalSection
	GlobalSection(SolutionProperties) = preSolution
		HideSolutionNode = FALSE
	EndGlobalSection
	GlobalSection(ExtensibilityGlobals) = postSolution
		SolutionGuid = {62EAC27B-380F-4CCB-8034-E4851BF14B6C}
	EndGlobalSection
EndGlobal
